
Microsoft Visual Studio Solution File, Format Version 12.00
# Visual Studio Version 16
VisualStudioVersion = 16.0.30503.244
MinimumVisualStudioVersion = 10.0.40219.1
Project("{FAE04EC0-301F-11D3-BF4B-00C04F79EFBC}") = "订单窗体", "订单窗体.csproj", "{252DA97A-4E5D-4685-9D51-4B8CB9B764CC}"
EndProject
Global
	GlobalSection(SolutionConfigurationPlatforms) = preSolution
		Debug|Any CPU = Debug|Any CPU
		Release|Any CPU = Release|Any CPU
	EndGlobalSection
	GlobalSection(ProjectConfigurationPlatforms) = postSolution
		{252DA97A-4E5D-4685-9D51-4B8CB9B764CC}.Debug|Any CPU.ActiveCfg = Debug|Any CPU
		{252DA97A-4E5D-4685-9D51-4B8CB9B764CC}.Debug|Any CPU.Build.0 = Debug|Any CPU
		{252DA97A-4E5D-4685-9D51-4B8CB9B764CC}.Release|Any CPU.ActiveCfg = Release|Any CPU
		{252DA97A-4E5D-4685-9D51-4B8CB9B764CC}.Release|Any CPU.Build.0 = Release|Any CPU
	EndGlobalSection
	GlobalSection(SolutionProperties) = preSolution
		HideSolutionNode = FALSE
	EndGlobalSection
	GlobalSection(ExtensibilityGlobals) = postSolution
		SolutionGuid = {02718F80-CBBD-49E9-8411-4BF965271027}
	EndGlobalSection
EndGlobal
