
Microsoft Visual Studio Solution File, Format Version 12.00
# Visual Studio Version 16
VisualStudioVersion = 16.0.30503.244
MinimumVisualStudioVersion = 10.0.40219.1
Project("{9A19103F-16F7-4668-BE54-9A1E7A4F7556}") = "订单", "订单.csproj", "{11732642-0478-4B76-8CF4-FEB4B76BB4C5}"
EndProject
Project("{FAE04EC0-301F-11D3-BF4B-00C04F79EFBC}") = "订单Tests", "..\订单Tests\订单Tests.csproj", "{95BE5E6B-A760-479F-BE2B-5707422704CC}"
EndProject
Global
	GlobalSection(SolutionConfigurationPlatforms) = preSolution
		Debug|Any CPU = Debug|Any CPU
		Release|Any CPU = Release|Any CPU
	EndGlobalSection
	GlobalSection(ProjectConfigurationPlatforms) = postSolution
		{11732642-0478-4B76-8CF4-FEB4B76BB4C5}.Debug|Any CPU.ActiveCfg = Debug|Any CPU
		{11732642-0478-4B76-8CF4-FEB4B76BB4C5}.Debug|Any CPU.Build.0 = Debug|Any CPU
		{11732642-0478-4B76-8CF4-FEB4B76BB4C5}.Release|Any CPU.ActiveCfg = Release|Any CPU
		{11732642-0478-4B76-8CF4-FEB4B76BB4C5}.Release|Any CPU.Build.0 = Release|Any CPU
		{95BE5E6B-A760-479F-BE2B-5707422704CC}.Debug|Any CPU.ActiveCfg = Debug|Any CPU
		{95BE5E6B-A760-479F-BE2B-5707422704CC}.Debug|Any CPU.Build.0 = Debug|Any CPU
		{95BE5E6B-A760-479F-BE2B-5707422704CC}.Release|Any CPU.ActiveCfg = Release|Any CPU
		{95BE5E6B-A760-479F-BE2B-5707422704CC}.Release|Any CPU.Build.0 = Release|Any CPU
	EndGlobalSection
	GlobalSection(SolutionProperties) = preSolution
		HideSolutionNode = FALSE
	EndGlobalSection
	GlobalSection(ExtensibilityGlobals) = postSolution
		SolutionGuid = {E2A3FDBC-00D9-4352-994B-6060C4F40312}
	EndGlobalSection
EndGlobal
