
Microsoft Visual Studio Solution File, Format Version 12.00
# Visual Studio Version 16
VisualStudioVersion = 16.0.30503.244
MinimumVisualStudioVersion = 10.0.40219.1
Project("{FAE04EC0-301F-11D3-BF4B-00C04F79EFBC}") = "Cayley树", "Cayley树.csproj", "{EB879219-CBA8-429B-88A7-D79C5B7AD870}"
EndProject
Global
	GlobalSection(SolutionConfigurationPlatforms) = preSolution
		Debug|Any CPU = Debug|Any CPU
		Release|Any CPU = Release|Any CPU
	EndGlobalSection
	GlobalSection(ProjectConfigurationPlatforms) = postSolution
		{EB879219-CBA8-429B-88A7-D79C5B7AD870}.Debug|Any CPU.ActiveCfg = Debug|Any CPU
		{EB879219-CBA8-429B-88A7-D79C5B7AD870}.Debug|Any CPU.Build.0 = Debug|Any CPU
		{EB879219-CBA8-429B-88A7-D79C5B7AD870}.Release|Any CPU.ActiveCfg = Release|Any CPU
		{EB879219-CBA8-429B-88A7-D79C5B7AD870}.Release|Any CPU.Build.0 = Release|Any CPU
	EndGlobalSection
	GlobalSection(SolutionProperties) = preSolution
		HideSolutionNode = FALSE
	EndGlobalSection
	GlobalSection(ExtensibilityGlobals) = postSolution
		SolutionGuid = {F7E3D2EE-2B61-4463-80BB-1C8EF6BD856B}
	EndGlobalSection
EndGlobal
